
Microsoft Visual Studio Solution File, Format Version 12.00
# Visual Studio Version 17
VisualStudioVersion = 17.1.32210.238
MinimumVisualStudioVersion = 10.0.40219.1
Project("{FAE04EC0-301F-11D3-BF4B-00C04F79EFBC}") = "CemexDictionaryApp", "CemexDictionaryApp\CemexDictionaryApp.csproj", "{0E8F51DE-E6A9-4688-8584-43E033E34F66}"
EndProject
Global
	GlobalSection(SolutionConfigurationPlatforms) = preSolution
		Debug|Any CPU = Debug|Any CPU
		Release|Any CPU = Release|Any CPU
	EndGlobalSection
	GlobalSection(ProjectConfigurationPlatforms) = postSolution
		{0E8F51DE-E6A9-4688-8584-43E033E34F66}.Debug|Any CPU.ActiveCfg = Debug|Any CPU
		{0E8F51DE-E6A9-4688-8584-43E033E34F66}.Debug|Any CPU.Build.0 = Debug|Any CPU
		{0E8F51DE-E6A9-4688-8584-43E033E34F66}.Release|Any CPU.ActiveCfg = Release|Any CPU
		{0E8F51DE-E6A9-4688-8584-43E033E34F66}.Release|Any CPU.Build.0 = Release|Any CPU
	EndGlobalSection
	GlobalSection(SolutionProperties) = preSolution
		HideSolutionNode = FALSE
	EndGlobalSection
	GlobalSection(ExtensibilityGlobals) = postSolution
		SolutionGuid = {3366F8B2-FAD6-40EC-AAAB-72BFCA96A2FC}
	EndGlobalSection
EndGlobal
